
Microsoft Visual Studio Solution File, Format Version 12.00
# Visual Studio Version 17
VisualStudioVersion = 17.0.31903.59
MinimumVisualStudioVersion = 10.0.40219.1
Project("{9A19103F-16F7-4668-BE54-9A1E7A4F7556}") = "Fisiox.Web", "src\Fisiox.Web\Fisiox.Web.csproj", "{CFC43BE4-74D5-4616-B119-800CEE8F3BB2}"
EndProject
Global
	GlobalSection(SolutionConfigurationPlatforms) = preSolution
		Debug|Any CPU = Debug|Any CPU
		Release|Any CPU = Release|Any CPU
	EndGlobalSection
	GlobalSection(ProjectConfigurationPlatforms) = postSolution
		{CFC43BE4-74D5-4616-B119-800CEE8F3BB2}.Debug|Any CPU.ActiveCfg = Debug|Any CPU
		{CFC43BE4-74D5-4616-B119-800CEE8F3BB2}.Debug|Any CPU.Build.0 = Debug|Any CPU
		{CFC43BE4-74D5-4616-B119-800CEE8F3BB2}.Release|Any CPU.ActiveCfg = Release|Any CPU
		{CFC43BE4-74D5-4616-B119-800CEE8F3BB2}.Release|Any CPU.Build.0 = Release|Any CPU
	EndGlobalSection
	GlobalSection(SolutionProperties) = preSolution
		HideSolutionNode = FALSE
	EndGlobalSection
	GlobalSection(ExtensibilityGlobals) = postSolution
		SolutionGuid = {472B39EB-2BDA-47EE-84EE-0CD0AED2E0B6}
	EndGlobalSection
EndGlobal
